
Microsoft Visual Studio Solution File, Format Version 12.00
# Visual Studio 15
VisualStudioVersion = 15.0.27130.2024
MinimumVisualStudioVersion = 10.0.40219.1
Project("{9A19103F-16F7-4668-BE54-9A1E7A4F7556}") = "pryNatillera", "pryNatillera\pryNatillera.csproj", "{171F8062-D866-4E4C-AEB9-C74993183AD3}"
EndProject
Project("{9A19103F-16F7-4668-BE54-9A1E7A4F7556}") = "LibraryDato", "LibraryDato\LibraryDato.csproj", "{8F719FDE-52FD-4E74-B1B1-361790CB3672}"
EndProject
Project("{9A19103F-16F7-4668-BE54-9A1E7A4F7556}") = "LibraryServicios", "LibraryServicios\LibraryServicios.csproj", "{441E2BD6-109C-48FE-A26C-C8016CAA350C}"
EndProject
Project("{FAE04EC0-301F-11D3-BF4B-00C04F79EFBC}") = "ModelosEntidades", "ModelosEntidades\ModelosEntidades.csproj", "{5DE6583F-6859-4EEC-AC0A-0A249EC97B37}"
EndProject
Global
	GlobalSection(SolutionConfigurationPlatforms) = preSolution
		Debug|Any CPU = Debug|Any CPU
		Release|Any CPU = Release|Any CPU
	EndGlobalSection
	GlobalSection(ProjectConfigurationPlatforms) = postSolution
		{171F8062-D866-4E4C-AEB9-C74993183AD3}.Debug|Any CPU.ActiveCfg = Debug|Any CPU
		{171F8062-D866-4E4C-AEB9-C74993183AD3}.Debug|Any CPU.Build.0 = Debug|Any CPU
		{171F8062-D866-4E4C-AEB9-C74993183AD3}.Release|Any CPU.ActiveCfg = Release|Any CPU
		{171F8062-D866-4E4C-AEB9-C74993183AD3}.Release|Any CPU.Build.0 = Release|Any CPU
		{8F719FDE-52FD-4E74-B1B1-361790CB3672}.Debug|Any CPU.ActiveCfg = Debug|Any CPU
		{8F719FDE-52FD-4E74-B1B1-361790CB3672}.Debug|Any CPU.Build.0 = Debug|Any CPU
		{8F719FDE-52FD-4E74-B1B1-361790CB3672}.Release|Any CPU.ActiveCfg = Release|Any CPU
		{8F719FDE-52FD-4E74-B1B1-361790CB3672}.Release|Any CPU.Build.0 = Release|Any CPU
		{441E2BD6-109C-48FE-A26C-C8016CAA350C}.Debug|Any CPU.ActiveCfg = Debug|Any CPU
		{441E2BD6-109C-48FE-A26C-C8016CAA350C}.Debug|Any CPU.Build.0 = Debug|Any CPU
		{441E2BD6-109C-48FE-A26C-C8016CAA350C}.Release|Any CPU.ActiveCfg = Release|Any CPU
		{441E2BD6-109C-48FE-A26C-C8016CAA350C}.Release|Any CPU.Build.0 = Release|Any CPU
		{5DE6583F-6859-4EEC-AC0A-0A249EC97B37}.Debug|Any CPU.ActiveCfg = Debug|Any CPU
		{5DE6583F-6859-4EEC-AC0A-0A249EC97B37}.Debug|Any CPU.Build.0 = Debug|Any CPU
		{5DE6583F-6859-4EEC-AC0A-0A249EC97B37}.Release|Any CPU.ActiveCfg = Release|Any CPU
		{5DE6583F-6859-4EEC-AC0A-0A249EC97B37}.Release|Any CPU.Build.0 = Release|Any CPU
	EndGlobalSection
	GlobalSection(SolutionProperties) = preSolution
		HideSolutionNode = FALSE
	EndGlobalSection
	GlobalSection(ExtensibilityGlobals) = postSolution
		SolutionGuid = {B6D133BA-AF44-4129-BEA5-141DA84A4BF4}
	EndGlobalSection
EndGlobal
